
Microsoft Visual Studio Solution File, Format Version 12.00
# Visual Studio 15
VisualStudioVersion = 15.0.27703.2018
MinimumVisualStudioVersion = 10.0.40219.1
Project("{888888A0-9F3D-457C-B088-3A5042F75D52}") = "RemoveDups", "RemoveDups.pyproj", "{58960EFB-782D-4C2F-949E-B825FE84CC16}"
EndProject
Global
	GlobalSection(SolutionConfigurationPlatforms) = preSolution
		Debug|Any CPU = Debug|Any CPU
		Release|Any CPU = Release|Any CPU
	EndGlobalSection
	GlobalSection(ProjectConfigurationPlatforms) = postSolution
		{58960EFB-782D-4C2F-949E-B825FE84CC16}.Debug|Any CPU.ActiveCfg = Debug|Any CPU
		{58960EFB-782D-4C2F-949E-B825FE84CC16}.Release|Any CPU.ActiveCfg = Release|Any CPU
	EndGlobalSection
	GlobalSection(SolutionProperties) = preSolution
		HideSolutionNode = FALSE
	EndGlobalSection
	GlobalSection(ExtensibilityGlobals) = postSolution
		SolutionGuid = {07A492D0-FFB3-46EC-AD54-DB8A3301942A}
	EndGlobalSection
EndGlobal
